
Microsoft Visual Studio Solution File, Format Version 12.00
# Visual Studio Version 16
VisualStudioVersion = 16.0.30907.101
MinimumVisualStudioVersion = 10.0.40219.1
Project("{D2ABAB84-BF74-430A-B69E-9DC6D40DDA17}") = "AdventureworksDW2019", "AdventureworksDW2019.dwproj", "{61464843-527A-4586-9E68-DBDBA1318576}"
EndProject
Global
	GlobalSection(SolutionConfigurationPlatforms) = preSolution
		Development|Default = Development|Default
	EndGlobalSection
	GlobalSection(ProjectConfigurationPlatforms) = postSolution
		{61464843-527A-4586-9E68-DBDBA1318576}.Development|Default.ActiveCfg = Development
		{61464843-527A-4586-9E68-DBDBA1318576}.Development|Default.Build.0 = Development
		{61464843-527A-4586-9E68-DBDBA1318576}.Development|Default.Deploy.0 = Development
	EndGlobalSection
	GlobalSection(SolutionProperties) = preSolution
		HideSolutionNode = FALSE
	EndGlobalSection
	GlobalSection(ExtensibilityGlobals) = postSolution
		SolutionGuid = {4CF3230B-922E-4F59-84DF-286EFA55DCF8}
	EndGlobalSection
EndGlobal
